
Microsoft Visual Studio Solution File, Format Version 12.00
# Visual Studio Version 17
VisualStudioVersion = 17.8.34309.116
MinimumVisualStudioVersion = 10.0.40219.1
Project("{FAE04EC0-301F-11D3-BF4B-00C04F79EFBC}") = "ProcessoSeletivo", "ProcessoSeletivo.csproj", "{4EC1A2EC-0F4A-41F2-8B68-2BE673D8BF34}"
EndProject
Global
	GlobalSection(SolutionConfigurationPlatforms) = preSolution
		Debug|Any CPU = Debug|Any CPU
		Release|Any CPU = Release|Any CPU
	EndGlobalSection
	GlobalSection(ProjectConfigurationPlatforms) = postSolution
		{4EC1A2EC-0F4A-41F2-8B68-2BE673D8BF34}.Debug|Any CPU.ActiveCfg = Debug|Any CPU
		{4EC1A2EC-0F4A-41F2-8B68-2BE673D8BF34}.Debug|Any CPU.Build.0 = Debug|Any CPU
		{4EC1A2EC-0F4A-41F2-8B68-2BE673D8BF34}.Release|Any CPU.ActiveCfg = Release|Any CPU
		{4EC1A2EC-0F4A-41F2-8B68-2BE673D8BF34}.Release|Any CPU.Build.0 = Release|Any CPU
	EndGlobalSection
	GlobalSection(SolutionProperties) = preSolution
		HideSolutionNode = FALSE
	EndGlobalSection
	GlobalSection(ExtensibilityGlobals) = postSolution
		SolutionGuid = {204B0599-5D17-48D3-AB17-0FBBA4085672}
	EndGlobalSection
EndGlobal
